{
  "originHash" : "8120becd9e6493e37c349e65c0436d7e1ef5bf8c36f6e3398c600ccb08baa0b0",
  "pins" : [
    {
      "identity" : "semanticversion",
      "kind" : "remoteSourceControl",
      "location" : "https://github.com/SwiftPackageIndex/SemanticVersion.git",
      "state" : {
        "revision" : "3b18d75a3cece558fb98e72d7dd5c83394d86d5b",
        "version" : "0.5.1"
      }
    }
  ],
  "version" : 3
}
